
Microsoft Visual Studio Solution File, Format Version 12.00
# Visual Studio Version 17
VisualStudioVersion = 17.4.33205.214
MinimumVisualStudioVersion = 10.0.40219.1
Project("{9A19103F-16F7-4668-BE54-9A1E7A4F7556}") = "SitGIF", "SitGIF\SitGIF.csproj", "{14013DEE-D15F-4983-BFA0-FD93E6E997AD}"
EndProject
Project("{FAE04EC0-301F-11D3-BF4B-00C04F79EFBC}") = "SitGIF2", "SitGIF2\SitGIF2.csproj", "{60CC38BD-088F-46EA-B59A-B531171B0D63}"
EndProject
Global
	GlobalSection(SolutionConfigurationPlatforms) = preSolution
		Debug|Any CPU = Debug|Any CPU
		Release|Any CPU = Release|Any CPU
	EndGlobalSection
	GlobalSection(ProjectConfigurationPlatforms) = postSolution
		{14013DEE-D15F-4983-BFA0-FD93E6E997AD}.Debug|Any CPU.ActiveCfg = Debug|Any CPU
		{14013DEE-D15F-4983-BFA0-FD93E6E997AD}.Debug|Any CPU.Build.0 = Debug|Any CPU
		{14013DEE-D15F-4983-BFA0-FD93E6E997AD}.Release|Any CPU.ActiveCfg = Release|Any CPU
		{14013DEE-D15F-4983-BFA0-FD93E6E997AD}.Release|Any CPU.Build.0 = Release|Any CPU
		{60CC38BD-088F-46EA-B59A-B531171B0D63}.Debug|Any CPU.ActiveCfg = Debug|Any CPU
		{60CC38BD-088F-46EA-B59A-B531171B0D63}.Debug|Any CPU.Build.0 = Debug|Any CPU
		{60CC38BD-088F-46EA-B59A-B531171B0D63}.Release|Any CPU.ActiveCfg = Release|Any CPU
		{60CC38BD-088F-46EA-B59A-B531171B0D63}.Release|Any CPU.Build.0 = Release|Any CPU
	EndGlobalSection
	GlobalSection(SolutionProperties) = preSolution
		HideSolutionNode = FALSE
	EndGlobalSection
	GlobalSection(ExtensibilityGlobals) = postSolution
		SolutionGuid = {737F4055-140F-4FB9-8818-A0B202188E47}
	EndGlobalSection
EndGlobal
